Microsoft Visual Studio Solution File, Format Version 11.00
# Visual Studio 2008

Project("{29541103-3BE8-E1C7-4203-FE9D6A7265EC}") = "PirateTBS", "Assembly-CSharp-firstpass.csproj", "{F8B23176-914F-8006-CF2F-C93F1F1602AD}"
EndProject
Project("{29541103-3BE8-E1C7-4203-FE9D6A7265EC}") = "PirateTBS", "Assembly-CSharp.csproj", "{B7C1BF8C-8143-C116-7FF0-81341E406914}"
EndProject
Global
	GlobalSection(SolutionConfigurationPlatforms) = preSolution
		Debug|Any CPU = Debug|Any CPU
		Release|Any CPU = Release|Any CPU
	EndGlobalSection
	GlobalSection(ProjectConfigurationPlatforms) = postSolution
		{F8B23176-914F-8006-CF2F-C93F1F1602AD}.Debug|Any CPU.ActiveCfg = Debug|Any CPU
		{F8B23176-914F-8006-CF2F-C93F1F1602AD}.Debug|Any CPU.Build.0 = Debug|Any CPU
		{F8B23176-914F-8006-CF2F-C93F1F1602AD}.Release|Any CPU.ActiveCfg = Release|Any CPU
		{F8B23176-914F-8006-CF2F-C93F1F1602AD}.Release|Any CPU.Build.0 = Release|Any CPU
		{B7C1BF8C-8143-C116-7FF0-81341E406914}.Debug|Any CPU.ActiveCfg = Debug|Any CPU
		{B7C1BF8C-8143-C116-7FF0-81341E406914}.Debug|Any CPU.Build.0 = Debug|Any CPU
		{B7C1BF8C-8143-C116-7FF0-81341E406914}.Release|Any CPU.ActiveCfg = Release|Any CPU
		{B7C1BF8C-8143-C116-7FF0-81341E406914}.Release|Any CPU.Build.0 = Release|Any CPU
	EndGlobalSection
	GlobalSection(SolutionProperties) = preSolution
		HideSolutionNode = FALSE
	EndGlobalSection
	GlobalSection(MonoDevelopProperties) = preSolution
		StartupItem = Assembly-CSharp.csproj
	EndGlobalSection
EndGlobal
