
Microsoft Visual Studio Solution File, Format Version 12.00
# Visual Studio 2015
Project("{FAE04EC0-301F-11D3-BF4B-00C04F79EFBC}") = "PirateTBS.CSharp.Plugins", "PirateTBS.CSharp.Plugins.csproj", "{2A8369E6-E90E-C7B6-6E0E-755246A63EC5}"
EndProject
Project("{FAE04EC0-301F-11D3-BF4B-00C04F79EFBC}") = "PirateTBS.CSharp", "PirateTBS.CSharp.csproj", "{7565E078-018D-FB21-AC5E-CD066868990A}"
EndProject
Global
	GlobalSection(SolutionConfigurationPlatforms) = preSolution
		Debug|Any CPU = Debug|Any CPU
		Release|Any CPU = Release|Any CPU
	EndGlobalSection
	GlobalSection(ProjectConfigurationPlatforms) = postSolution
		{2A8369E6-E90E-C7B6-6E0E-755246A63EC5}.Debug|Any CPU.ActiveCfg = Debug|Any CPU
		{2A8369E6-E90E-C7B6-6E0E-755246A63EC5}.Debug|Any CPU.Build.0 = Debug|Any CPU
		{2A8369E6-E90E-C7B6-6E0E-755246A63EC5}.Release|Any CPU.ActiveCfg = Release|Any CPU
		{2A8369E6-E90E-C7B6-6E0E-755246A63EC5}.Release|Any CPU.Build.0 = Release|Any CPU
		{7565E078-018D-FB21-AC5E-CD066868990A}.Debug|Any CPU.ActiveCfg = Debug|Any CPU
		{7565E078-018D-FB21-AC5E-CD066868990A}.Debug|Any CPU.Build.0 = Debug|Any CPU
		{7565E078-018D-FB21-AC5E-CD066868990A}.Release|Any CPU.ActiveCfg = Release|Any CPU
		{7565E078-018D-FB21-AC5E-CD066868990A}.Release|Any CPU.Build.0 = Release|Any CPU
	EndGlobalSection
	GlobalSection(SolutionProperties) = preSolution
		HideSolutionNode = FALSE
	EndGlobalSection
EndGlobal
